
Microsoft Visual Studio Solution File, Format Version 12.00
# Visual Studio Version 17
VisualStudioVersion = 17.9.34723.18
MinimumVisualStudioVersion = 10.0.40219.1
Project("{FAE04EC0-301F-11D3-BF4B-00C04F79EFBC}") = "Лаба по инфе 3", "Лаба по инфе 3\Лаба по инфе 3.csproj", "{C3DAC613-6D1B-4EB1-ABF1-99DFA7F2D291}"
EndProject
Global
	GlobalSection(SolutionConfigurationPlatforms) = preSolution
		Debug|Any CPU = Debug|Any CPU
		Release|Any CPU = Release|Any CPU
	EndGlobalSection
	GlobalSection(ProjectConfigurationPlatforms) = postSolution
		{C3DAC613-6D1B-4EB1-ABF1-99DFA7F2D291}.Debug|Any CPU.ActiveCfg = Debug|Any CPU
		{C3DAC613-6D1B-4EB1-ABF1-99DFA7F2D291}.Debug|Any CPU.Build.0 = Debug|Any CPU
		{C3DAC613-6D1B-4EB1-ABF1-99DFA7F2D291}.Release|Any CPU.ActiveCfg = Release|Any CPU
		{C3DAC613-6D1B-4EB1-ABF1-99DFA7F2D291}.Release|Any CPU.Build.0 = Release|Any CPU
	EndGlobalSection
	GlobalSection(SolutionProperties) = preSolution
		HideSolutionNode = FALSE
	EndGlobalSection
	GlobalSection(ExtensibilityGlobals) = postSolution
		SolutionGuid = {2D96480F-D37F-47FC-ADD6-3CE651CD729E}
	EndGlobalSection
EndGlobal
